// !$*UTF8*$!
{
	archiveVersion = 1;
	classes = {
	};
	objectVersion = 46;
	objects = {

/* Begin PBXBuildFile section */
		EE0CDB411BD4DA1900F2FA79 /* AppDelegate.swift in Sources */ = {isa = PBXBuildFile; fileRef = EE0CDB401BD4DA1900F2FA79 /* AppDelegate.swift */; };
		EE0CDB431BD4DA1900F2FA79 /* ViewController.swift in Sources */ = {isa = PBXBuildFile; fileRef = EE0CDB421BD4DA1900F2FA79 /* ViewController.swift */; };
		EE0CDB461BD4DA1900F2FA79 /* Main.storyboard in Resources */ = {isa = PBXBuildFile; fileRef = EE0CDB441BD4DA1900F2FA79 /* Main.storyboard */; };
		EE0CDB481BD4DA1900F2FA79 /* Assets.xcassets in Resources */ = {isa = PBXBuildFile; fileRef = EE0CDB471BD4DA1900F2FA79 /* Assets.xcassets */; };
		EE0CDB4B1BD4DA1900F2FA79 /* LaunchScreen.storyboard in Resources */ = {isa = PBXBuildFile; fileRef = EE0CDB491BD4DA1900F2FA79 /* LaunchScreen.storyboard */; };
		EE0CDB561BD4DA1900F2FA79 /* CalculatorTests.swift in Sources */ = {isa = PBXBuildFile; fileRef = EE0CDB551BD4DA1900F2FA79 /* CalculatorTests.swift */; };
		EE0CDB611BD4DA1900F2FA79 /* CalculatorUITests.swift in Sources */ = {isa = PBXBuildFile; fileRef = EE0CDB601BD4DA1900F2FA79 /* CalculatorUITests.swift */; };
/* End PBXBuildFile section */

/* Begin PBXContainerItemProxy section */
		EE0CDB521BD4DA1900F2FA79 /* PBXContainerItemProxy */ = {
			isa = PBXContainerItemProxy;
			containerPortal = EE0CDB351BD4DA1900F2FA79 /* Project object */;
			proxyType = 1;
			remoteGlobalIDString = EE0CDB3C1BD4DA1900F2FA79;
			remoteInfo = Calculator;
		};
		EE0CDB5D1BD4DA1900F2FA79 /* PBXContainerItemProxy */ = {
			isa = PBXContainerItemProxy;
			containerPortal = EE0CDB351BD4DA1900F2FA79 /* Project object */;
			proxyType = 1;
			remoteGlobalIDString = EE0CDB3C1BD4DA1900F2FA79;
			remoteInfo = Calculator;
		};
/* End PBXContainerItemProxy section */

/* Begin PBXFileReference section */
		EE0CDB3D1BD4DA1900F2FA79 /* Calculator.app */ = {isa = PBXFileReference; explicitFileType = wrapper.application; includeInIndex = 0; path = Calculator.app; sourceTree = BUILT_PRODUCTS_DIR; };
		EE0CDB401BD4DA1900F2FA79 /* AppDelegate.swift */ = {isa = PBXFileReference; lastKnownFileType = sourcecode.swift; path = AppDelegate.swift; sourceTree = "<group>"; };
		EE0CDB421BD4DA1900F2FA79 /* ViewController.swift */ = {isa = PBXFileReference; lastKnownFileType = sourcecode.swift; path = ViewController.swift; sourceTree = "<group>"; };
		EE0CDB451BD4DA1900F2FA79 /* Base */ = {isa = PBXFileReference; lastKnownFileType = file.storyboard; name = Base; path = Base.lproj/Main.storyboard; sourceTree = "<group>"; };
		EE0CDB471BD4DA1900F2FA79 /* Assets.xcassets */ = {isa = PBXFileReference; lastKnownFileType = folder.assetcatalog; path = Assets.xcassets; sourceTree = "<group>"; };
		EE0CDB4A1BD4DA1900F2FA79 /* Base */ = {isa = PBXFileReference; lastKnownFileType = file.storyboard; name = Base; path = Base.lproj/LaunchScreen.storyboard; sourceTree = "<group>"; };
		EE0CDB4C1BD4DA1900F2FA79 /* Info.plist */ = {isa = PBXFileReference; lastKnownFileType = text.plist.xml; path = Info.plist; sourceTree = "<group>"; };
		EE0CDB511BD4DA1900F2FA79 /* CalculatorTests.xctest */ = {isa = PBXFileReference; explicitFileType = wrapper.cfbundle; includeInIndex = 0; path = CalculatorTests.xctest; sourceTree = BUILT_PRODUCTS_DIR; };
		EE0CDB551BD4DA1900F2FA79 /* CalculatorTests.swift */ = {isa = PBXFileReference; lastKnownFileType = sourcecode.swift; path = CalculatorTests.swift; sourceTree = "<group>"; };
		EE0CDB571BD4DA1900F2FA79 /* Info.plist */ = {isa = PBXFileReference; lastKnownFileType = text.plist.xml; path = Info.plist; sourceTree = "<group>"; };
		EE0CDB5C1BD4DA1900F2FA79 /* CalculatorUITests.xctest */ = {isa = PBXFileReference; explicitFileType = wrapper.cfbundle; includeInIndex = 0; path = CalculatorUITests.xctest; sourceTree = BUILT_PRODUCTS_DIR; };
		EE0CDB601BD4DA1900F2FA79 /* CalculatorUITests.swift */ = {isa = PBXFileReference; lastKnownFileType = sourcecode.swift; path = CalculatorUITests.swift; sourceTree = "<group>"; };
		EE0CDB621BD4DA1900F2FA79 /* Info.plist */ = {isa = PBXFileReference; lastKnownFileType = text.plist.xml; path = Info.plist; sourceTree = "<group>"; };
/* End PBXFileReference section */

/* Begin PBXFrameworksBuildPhase section */
		EE0CDB3A1BD4DA1900F2FA79 /* Frameworks */ = {
			isa = PBXFrameworksBuildPhase;
			buildActionMask = 2147483647;
			files = (
			);
			runOnlyForDeploymentPostprocessing = 0;
		};
		EE0CDB4E1BD4DA1900F2FA79 /* Frameworks */ = {
			isa = PBXFrameworksBuildPhase;
			buildActionMask = 2147483647;
			files = (
			);
			runOnlyForDeploymentPostprocessing = 0;
		};
		EE0CDB591BD4DA1900F2FA79 /* Frameworks */ = {
			isa = PBXFrameworksBuildPhase;
			buildActionMask = 2147483647;
			files = (
			);
			runOnlyForDeploymentPostprocessing = 0;
		};
/* End PBXFrameworksBuildPhase section */

/* Begin PBXGroup section */
		EE0CDB341BD4DA1900F2FA79 = {
			isa = PBXGroup;
			children = (
				EE0CDB3F1BD4DA1900F2FA79 /* Calculator */,
				EE0CDB541BD4DA1900F2FA79 /* CalculatorTests */,
				EE0CDB5F1BD4DA1900F2FA79 /* CalculatorUITests */,
				EE0CDB3E1BD4DA1900F2FA79 /* Products */,
			);
			sourceTree = "<group>";
		};
		EE0CDB3E1BD4DA1900F2FA79 /* Products */ = {
			isa = PBXGroup;
			children = (
				EE0CDB3D1BD4DA1900F2FA79 /* Calculator.app */,
				EE0CDB511BD4DA1900F2FA79 /* CalculatorTests.xctest */,
				EE0CDB5C1BD4DA1900F2FA79 /* CalculatorUITests.xctest */,
			);
			name = Products;
			sourceTree = "<group>";
		};
		EE0CDB3F1BD4DA1900F2FA79 /* Calculator */ = {
			isa = PBXGroup;
			children = (
				EE0CDB401BD4DA1900F2FA79 /* AppDelegate.swift */,
				EE0CDB421BD4DA1900F2FA79 /* ViewController.swift */,
				EE0CDB441BD4DA1900F2FA79 /* Main.storyboard */,
				EE0CDB471BD4DA1900F2FA79 /* Assets.xcassets */,
				EE0CDB491BD4DA1900F2FA79 /* LaunchScreen.storyboard */,
				EE0CDB4C1BD4DA1900F2FA79 /* Info.plist */,
			);
			path = Calculator;
			sourceTree = "<group>";
		};
		EE0CDB541BD4DA1900F2FA79 /* CalculatorTests */ = {
			isa = PBXGroup;
			children = (
				EE0CDB551BD4DA1900F2FA79 /* CalculatorTests.swift */,
				EE0CDB571BD4DA1900F2FA79 /* Info.plist */,
			);
			path = CalculatorTests;
			sourceTree = "<group>";
		};
		EE0CDB5F1BD4DA1900F2FA79 /* CalculatorUITests */ = {
			isa = PBXGroup;
			children = (
				EE0CDB601BD4DA1900F2FA79 /* CalculatorUITests.swift */,
				EE0CDB621BD4DA1900F2FA79 /* Info.plist */,
			);
			path = CalculatorUITests;
			sourceTree = "<group>";
		};
/* End PBXGroup section */

/* Begin PBXNativeTarget section */
		EE0CDB3C1BD4DA1900F2FA79 /* Calculator */ = {
			isa = PBXNativeTarget;
			buildConfigurationList = EE0CDB651BD4DA1A00F2FA79 /* Build configuration list for PBXNativeTarget "Calculator" */;
			buildPhases = (
				EE0CDB391BD4DA1900F2FA79 /* Sources */,
				EE0CDB3A1BD4DA1900F2FA79 /* Frameworks */,
				EE0CDB3B1BD4DA1900F2FA79 /* Resources */,
			);
			buildRules = (
			);
			dependencies = (
			);
			name = Calculator;
			productName = Calculator;
			productReference = EE0CDB3D1BD4DA1900F2FA79 /* Calculator.app */;
			productType = "com.apple.product-type.application";
		};
		EE0CDB501BD4DA1900F2FA79 /* CalculatorTests */ = {
			isa = PBXNativeTarget;
			buildConfigurationList = EE0CDB681BD4DA1A00F2FA79 /* Build configuration list for PBXNativeTarget "CalculatorTests" */;
			buildPhases = (
				EE0CDB4D1BD4DA1900F2FA79 /* Sources */,
				EE0CDB4E1BD4DA1900F2FA79 /* Frameworks */,
				EE0CDB4F1BD4DA1900F2FA79 /* Resources */,
			);
			buildRules = (
			);
			dependencies = (
				EE0CDB531BD4DA1900F2FA79 /* PBXTargetDependency */,
			);
			name = CalculatorTests;
			productName = CalculatorTests;
			productReference = EE0CDB511BD4DA1900F2FA79 /* CalculatorTests.xctest */;
			productType = "com.apple.product-type.bundle.unit-test";
		};
		EE0CDB5B1BD4DA1900F2FA79 /* CalculatorUITests */ = {
			isa = PBXNativeTarget;
			buildConfigurationList = EE0CDB6B1BD4DA1A00F2FA79 /* Build configuration list for PBXNativeTarget "CalculatorUITests" */;
			buildPhases = (
				EE0CDB581BD4DA1900F2FA79 /* Sources */,
				EE0CDB591BD4DA1900F2FA79 /* Frameworks */,
				EE0CDB5A1BD4DA1900F2FA79 /* Resources */,
			);
			buildRules = (
			);
			dependencies = (
				EE0CDB5E1BD4DA1900F2FA79 /* PBXTargetDependency */,
			);
			name = CalculatorUITests;
			productName = CalculatorUITests;
			productReference = EE0CDB5C1BD4DA1900F2FA79 /* CalculatorUITests.xctest */;
			productType = "com.apple.product-type.bundle.ui-testing";
		};
/* End PBXNativeTarget section */

/* Begin PBXProject section */
		EE0CDB351BD4DA1900F2FA79 /* Project object */ = {
			isa = PBXProject;
			attributes = {
				LastUpgradeCheck = 0700;
				ORGANIZATIONNAME = "Pavel Ostanin";
				TargetAttributes = {
					EE0CDB3C1BD4DA1900F2FA79 = {
						CreatedOnToolsVersion = 7.0;
					};
					EE0CDB501BD4DA1900F2FA79 = {
						CreatedOnToolsVersion = 7.0;
						TestTargetID = EE0CDB3C1BD4DA1900F2FA79;
					};
					EE0CDB5B1BD4DA1900F2FA79 = {
						CreatedOnToolsVersion = 7.0;
						TestTargetID = EE0CDB3C1BD4DA1900F2FA79;
					};
				};
			};
			buildConfigurationList = EE0CDB381BD4DA1900F2FA79 /* Build configuration list for PBXProject "Calculator" */;
			compatibilityVersion = "Xcode 3.2";
			developmentRegion = English;
			hasScannedForEncodings = 0;
			knownRegions = (
				en,
				Base,
			);
			mainGroup = EE0CDB341BD4DA1900F2FA79;
			productRefGroup = EE0CDB3E1BD4DA1900F2FA79 /* Products */;
			projectDirPath = "";
			projectRoot = "";
			targets = (
				EE0CDB3C1BD4DA1900F2FA79 /* Calculator */,
				EE0CDB501BD4DA1900F2FA79 /* CalculatorTests */,
				EE0CDB5B1BD4DA1900F2FA79 /* CalculatorUITests */,
			);
		};
/* End PBXProject section */

/* Begin PBXResourcesBuildPhase section */
		EE0CDB3B1BD4DA1900F2FA79 /* Resources */ = {
			isa = PBXResourcesBuildPhase;
			buildActionMask = 2147483647;
			files = (
				EE0CDB4B1BD4DA1900F2FA79 /* LaunchScreen.storyboard in Resources */,
				EE0CDB481BD4DA1900F2FA79 /* Assets.xcassets in Resources */,
				EE0CDB461BD4DA1900F2FA79 /* Main.storyboard in Resources */,
			);
			runOnlyForDeploymentPostprocessing = 0;
		};
		EE0CDB4F1BD4DA1900F2FA79 /* Resources */ = {
			isa = PBXResourcesBuildPhase;
			buildActionMask = 2147483647;
			files = (
			);
			runOnlyForDeploymentPostprocessing = 0;
		};
		EE0CDB5A1BD4DA1900F2FA79 /* Resources */ = {
			isa = PBXResourcesBuildPhase;
			buildActionMask = 2147483647;
			files = (
			);
			runOnlyForDeploymentPostprocessing = 0;
		};
/* End PBXResourcesBuildPhase section */

/* Begin PBXSourcesBuildPhase section */
		EE0CDB391BD4DA1900F2FA79 /* Sources */ = {
			isa = PBXSourcesBuildPhase;
			buildActionMask = 2147483647;
			files = (
				EE0CDB431BD4DA1900F2FA79 /* ViewController.swift in Sources */,
				EE0CDB411BD4DA1900F2FA79 /* AppDelegate.swift in Sources */,
			);
			runOnlyForDeploymentPostprocessing = 0;
		};
		EE0CDB4D1BD4DA1900F2FA79 /* Sources */ = {
			isa = PBXSourcesBuildPhase;
			buildActionMask = 2147483647;
			files = (
				EE0CDB561BD4DA1900F2FA79 /* CalculatorTests.swift in Sources */,
			);
			runOnlyForDeploymentPostprocessing = 0;
		};
		EE0CDB581BD4DA1900F2FA79 /* Sources */ = {
			isa = PBXSourcesBuildPhase;
			buildActionMask = 2147483647;
			files = (
				EE0CDB611BD4DA1900F2FA79 /* CalculatorUITests.swift in Sources */,
			);
			runOnlyForDeploymentPostprocessing = 0;
		};
/* End PBXSourcesBuildPhase section */

/* Begin PBXTargetDependency section */
		EE0CDB531BD4DA1900F2FA79 /* PBXTargetDependency */ = {
			isa = PBXTargetDependency;
			target = EE0CDB3C1BD4DA1900F2FA79 /* Calculator */;
			targetProxy = EE0CDB521BD4DA1900F2FA79 /* PBXContainerItemProxy */;
		};
		EE0CDB5E1BD4DA1900F2FA79 /* PBXTargetDependency */ = {
			isa = PBXTargetDependency;
			target = EE0CDB3C1BD4DA1900F2FA79 /* Calculator */;
			targetProxy = EE0CDB5D1BD4DA1900F2FA79 /* PBXContainerItemProxy */;
		};
/* End PBXTargetDependency section */

/* Begin PBXVariantGroup section */
		EE0CDB441BD4DA1900F2FA79 /* Main.storyboard */ = {
			isa = PBXVariantGroup;
			children = (
				EE0CDB451BD4DA1900F2FA79 /* Base */,
			);
			name = Main.storyboard;
			sourceTree = "<group>";
		};
		EE0CDB491BD4DA1900F2FA79 /* LaunchScreen.storyboard */ = {
			isa = PBXVariantGroup;
			children = (
				EE0CDB4A1BD4DA1900F2FA79 /* Base */,
			);
			name = LaunchScreen.storyboard;
			sourceTree = "<group>";
		};
/* End PBXVariantGroup section */

/* Begin XCBuildConfiguration section */
		EE0CDB631BD4DA1A00F2FA79 /* Debug */ = {
			isa = XCBuildConfiguration;
			buildSettings = {
				ALWAYS_SEARCH_USER_PATHS = NO;
				CLANG_CXX_LANGUAGE_STANDARD = "gnu++0x";
				CLANG_CXX_LIBRARY = "libc++";
				CLANG_ENABLE_MODULES = YES;
				CLANG_ENABLE_OBJC_ARC = YES;
				CLANG_WARN_BOOL_CONVERSION = YES;
				CLANG_WARN_CONSTANT_CONVERSION = YES;
				CLANG_WARN_DIRECT_OBJC_ISA_USAGE = YES_ERROR;
				CLANG_WARN_EMPTY_BODY = YES;
				CLANG_WARN_ENUM_CONVERSION = YES;
				CLANG_WARN_INT_CONVERSION = YES;
				CLANG_WARN_OBJC_ROOT_CLASS = YES_ERROR;
				CLANG_WARN_UNREACHABLE_CODE = YES;
				CLANG_WARN__DUPLICATE_METHOD_MATCH = YES;
				"CODE_SIGN_IDENTITY[sdk=iphoneos*]" = "iPhone Developer";
				COPY_PHASE_STRIP = NO;
				DEBUG_INFORMATION_FORMAT = dwarf;
				ENABLE_STRICT_OBJC_MSGSEND = YES;
				ENABLE_TESTABILITY = YES;
				GCC_C_LANGUAGE_STANDARD = gnu99;
				GCC_DYNAMIC_NO_PIC = NO;
				GCC_NO_COMMON_BLOCKS = YES;
				GCC_OPTIMIZATION_LEVEL = 0;
				GCC_PREPROCESSOR_DEFINITIONS = (
					"DEBUG=1",
					"$(inherited)",
				);
				GCC_WARN_64_TO_32_BIT_CONVERSION = YES;
				GCC_WARN_ABOUT_RETURN_TYPE = YES_ERROR;
				GCC_WARN_UNDECLARED_SELECTOR = YES;
				GCC_WARN_UNINITIALIZED_AUTOS = YES_AGGRESSIVE;
				GCC_WARN_UNUSED_FUNCTION = YES;
				GCC_WARN_UNUSED_VARIABLE = YES;
				IPHONEOS_DEPLOYMENT_TARGET = 9.0;
				MTL_ENABLE_DEBUG_INFO = YES;
				ONLY_ACTIVE_ARCH = YES;
				SDKROOT = iphoneos;
				SWIFT_OPTIMIZATION_LEVEL = "-Onone";
				TARGETED_DEVICE_FAMILY = "1,2";
			};
			name = Debug;
		};
		EE0CDB641BD4DA1A00F2FA79 /* Release */ = {
			isa = XCBuildConfiguration;
			buildSettings = {
				ALWAYS_SEARCH_USER_PATHS = NO;
				CLANG_CXX_LANGUAGE_STANDARD = "gnu++0x";
				CLANG_CXX_LIBRARY = "libc++";
				CLANG_ENABLE_MODULES = YES;
				CLANG_ENABLE_OBJC_ARC = YES;
				CLANG_WARN_BOOL_CONVERSION = YES;
				CLANG_WARN_CONSTANT_CONVERSION = YES;
				CLANG_WARN_DIRECT_OBJC_ISA_USAGE = YES_ERROR;
				CLANG_WARN_EMPTY_BODY = YES;
				CLANG_WARN_ENUM_CONVERSION = YES;
				CLANG_WARN_INT_CONVERSION = YES;
				CLANG_WARN_OBJC_ROOT_CLASS = YES_ERROR;
				CLANG_WARN_UNREACHABLE_CODE = YES;
				CLANG_WARN__DUPLICATE_METHOD_MATCH = YES;
				"CODE_SIGN_IDENTITY[sdk=iphoneos*]" = "iPhone Developer";
				COPY_PHASE_STRIP = NO;
				DEBUG_INFORMATION_FORMAT = "dwarf-with-dsym";
				ENABLE_NS_ASSERTIONS = NO;
				ENABLE_STRICT_OBJC_MSGSEND = YES;
				GCC_C_LANGUAGE_STANDARD = gnu99;
				GCC_NO_COMMON_BLOCKS = YES;
				GCC_WARN_64_TO_32_BIT_CONVERSION = YES;
				GCC_WARN_ABOUT_RETURN_TYPE = YES_ERROR;
				GCC_WARN_UNDECLARED_SELECTOR = YES;
				GCC_WARN_UNINITIALIZED_AUTOS = YES_AGGRESSIVE;
				GCC_WARN_UNUSED_FUNCTION = YES;
				GCC_WARN_UNUSED_VARIABLE = YES;
				IPHONEOS_DEPLOYMENT_TARGET = 9.0;
				MTL_ENABLE_DEBUG_INFO = NO;
				SDKROOT = iphoneos;
				TARGETED_DEVICE_FAMILY = "1,2";
				VALIDATE_PRODUCT = YES;
			};
			name = Release;
		};
		EE0CDB661BD4DA1A00F2FA79 /* Debug */ = {
			isa = XCBuildConfiguration;
			buildSettings = {
				ASSETCATALOG_COMPILER_APPICON_NAME = AppIcon;
				INFOPLIST_FILE = Calculator/Info.plist;
				LD_RUNPATH_SEARCH_PATHS = "$(inherited) @executable_path/Frameworks";
				PRODUCT_BUNDLE_IDENTIFIER = ostanin.Calculator;
				PRODUCT_NAME = "$(TARGET_NAME)";
			};
			name = Debug;
		};
		EE0CDB671BD4DA1A00F2FA79 /* Release */ = {
			isa = XCBuildConfiguration;
			buildSettings = {
				ASSETCATALOG_COMPILER_APPICON_NAME = AppIcon;
				INFOPLIST_FILE = Calculator/Info.plist;
				LD_RUNPATH_SEARCH_PATHS = "$(inherited) @executable_path/Frameworks";
				PRODUCT_BUNDLE_IDENTIFIER = ostanin.Calculator;
				PRODUCT_NAME = "$(TARGET_NAME)";
			};
			name = Release;
		};
		EE0CDB691BD4DA1A00F2FA79 /* Debug */ = {
			isa = XCBuildConfiguration;
			buildSettings = {
				BUNDLE_LOADER = "$(TEST_HOST)";
				INFOPLIST_FILE = CalculatorTests/Info.plist;
				LD_RUNPATH_SEARCH_PATHS = "$(inherited) @executable_path/Frameworks @loader_path/Frameworks";
				PRODUCT_BUNDLE_IDENTIFIER = ostanin.CalculatorTests;
				PRODUCT_NAME = "$(TARGET_NAME)";
				TEST_HOST = "$(BUILT_PRODUCTS_DIR)/Calculator.app/Calculator";
			};
			name = Debug;
		};
		EE0CDB6A1BD4DA1A00F2FA79 /* Release */ = {
			isa = XCBuildConfiguration;
			buildSettings = {
				BUNDLE_LOADER = "$(TEST_HOST)";
				INFOPLIST_FILE = CalculatorTests/Info.plist;
				LD_RUNPATH_SEARCH_PATHS = "$(inherited) @executable_path/Frameworks @loader_path/Frameworks";
				PRODUCT_BUNDLE_IDENTIFIER = ostanin.CalculatorTests;
				PRODUCT_NAME = "$(TARGET_NAME)";
				TEST_HOST = "$(BUILT_PRODUCTS_DIR)/Calculator.app/Calculator";
			};
			name = Release;
		};
		EE0CDB6C1BD4DA1A00F2FA79 /* Debug */ = {
			isa = XCBuildConfiguration;
			buildSettings = {
				INFOPLIST_FILE = CalculatorUITests/Info.plist;
				LD_RUNPATH_SEARCH_PATHS = "$(inherited) @executable_path/Frameworks @loader_path/Frameworks";
				PRODUCT_BUNDLE_IDENTIFIER = ostanin.CalculatorUITests;
				PRODUCT_NAME = "$(TARGET_NAME)";
				TEST_TARGET_NAME = Calculator;
				USES_XCTRUNNER = YES;
			};
			name = Debug;
		};
		EE0CDB6D1BD4DA1A00F2FA79 /* Release */ = {
			isa = XCBuildConfiguration;
			buildSettings = {
				INFOPLIST_FILE = CalculatorUITests/Info.plist;
				LD_RUNPATH_SEARCH_PATHS = "$(inherited) @executable_path/Frameworks @loader_path/Frameworks";
				PRODUCT_BUNDLE_IDENTIFIER = ostanin.CalculatorUITests;
				PRODUCT_NAME = "$(TARGET_NAME)";
				TEST_TARGET_NAME = Calculator;
				USES_XCTRUNNER = YES;
			};
			name = Release;
		};
/* End XCBuildConfiguration section */

/* Begin XCConfigurationList section */
		EE0CDB381BD4DA1900F2FA79 /* Build configuration list for PBXProject "Calculator" */ = {
			isa = XCConfigurationList;
			buildConfigurations = (
				EE0CDB631BD4DA1A00F2FA79 /* Debug */,
				EE0CDB641BD4DA1A00F2FA79 /* Release */,
			);
			defaultConfigurationIsVisible = 0;
			defaultConfigurationName = Release;
		};
		EE0CDB651BD4DA1A00F2FA79 /* Build configuration list for PBXNativeTarget "Calculator" */ = {
			isa = XCConfigurationList;
			buildConfigurations = (
				EE0CDB661BD4DA1A00F2FA79 /* Debug */,
				EE0CDB671BD4DA1A00F2FA79 /* Release */,
			);
			defaultConfigurationIsVisible = 0;
		};
		EE0CDB681BD4DA1A00F2FA79 /* Build configuration list for PBXNativeTarget "CalculatorTests" */ = {
			isa = XCConfigurationList;
			buildConfigurations = (
				EE0CDB691BD4DA1A00F2FA79 /* Debug */,
				EE0CDB6A1BD4DA1A00F2FA79 /* Release */,
			);
			defaultConfigurationIsVisible = 0;
		};
		EE0CDB6B1BD4DA1A00F2FA79 /* Build configuration list for PBXNativeTarget "CalculatorUITests" */ = {
			isa = XCConfigurationList;
			buildConfigurations = (
				EE0CDB6C1BD4DA1A00F2FA79 /* Debug */,
				EE0CDB6D1BD4DA1A00F2FA79 /* Release */,
			);
			defaultConfigurationIsVisible = 0;
		};
/* End XCConfigurationList section */
	};
	rootObject = EE0CDB351BD4DA1900F2FA79 /* Project object */;
}
